
Microsoft Visual Studio Solution File, Format Version 12.00
# Visual Studio Version 17
VisualStudioVersion = 17.14.37012.4 d17.14
MinimumVisualStudioVersion = 10.0.40219.1
Project("{FAE04EC0-301F-11D3-BF4B-00C04F79EFBC}") = "WinFormsApp1", "WinFormsApp1\WinFormsApp1.csproj", "{F02D29A0-0CD7-425C-AF74-23B30EBC197D}"
EndProject
Global
	GlobalSection(SolutionConfigurationPlatforms) = preSolution
		Debug|Any CPU = Debug|Any CPU
		Release|Any CPU = Release|Any CPU
	EndGlobalSection
	GlobalSection(ProjectConfigurationPlatforms) = postSolution
		{F02D29A0-0CD7-425C-AF74-23B30EBC197D}.Debug|Any CPU.ActiveCfg = Debug|Any CPU
		{F02D29A0-0CD7-425C-AF74-23B30EBC197D}.Debug|Any CPU.Build.0 = Debug|Any CPU
		{F02D29A0-0CD7-425C-AF74-23B30EBC197D}.Release|Any CPU.ActiveCfg = Release|Any CPU
		{F02D29A0-0CD7-425C-AF74-23B30EBC197D}.Release|Any CPU.Build.0 = Release|Any CPU
	EndGlobalSection
	GlobalSection(SolutionProperties) = preSolution
		HideSolutionNode = FALSE
	EndGlobalSection
	GlobalSection(ExtensibilityGlobals) = postSolution
		SolutionGuid = {50EAEE29-E809-4A9A-B9E2-5A17EFBE7947}
	EndGlobalSection
EndGlobal
